
Microsoft Visual Studio Solution File, Format Version 10.00
# Visual C++ Express 2008
Project("{8BC9CEB8-8B4A-11D0-8D11-00A0C91BC942}") = "Dream", "Dream.vcproj", "{811EC90A-5D62-3003-B41E-AE7D035DE797}"
EndProject
Global
	GlobalSection(SolutionConfigurationPlatforms) = preSolution
		Debug|Win32 = Debug|Win32
		Release|Win32 = Release|Win32
	EndGlobalSection
	GlobalSection(ProjectConfigurationPlatforms) = postSolution
		{811EC90A-5D62-3003-B41E-AE7D035DE797}.Debug|Win32.ActiveCfg = Debug|Win32
		{811EC90A-5D62-3003-B41E-AE7D035DE797}.Debug|Win32.Build.0 = Debug|Win32
		{811EC90A-5D62-3003-B41E-AE7D035DE797}.Release|Win32.ActiveCfg = Release|Win32
		{811EC90A-5D62-3003-B41E-AE7D035DE797}.Release|Win32.Build.0 = Release|Win32
	EndGlobalSection
	GlobalSection(SolutionProperties) = preSolution
		HideSolutionNode = FALSE
	EndGlobalSection
EndGlobal
