
Microsoft Visual Studio Solution File, Format Version 10.00
# Visual C++ Express 2008
Project("{8BC9CEB8-8B4A-11D0-8D11-00A0C91BC942}") = "libfaac", "libfaac.vcproj", "{11CA1C2C-05BA-4EC7-8FD0-670241B89110}"
EndProject
Global
	GlobalSection(SolutionConfigurationPlatforms) = preSolution
		Debug|Win32 = Debug|Win32
		Release|Win32 = Release|Win32
	EndGlobalSection
	GlobalSection(ProjectConfigurationPlatforms) = postSolution
		{11CA1C2C-05BA-4EC7-8FD0-670241B89110}.Debug|Win32.ActiveCfg = Debug|Win32
		{11CA1C2C-05BA-4EC7-8FD0-670241B89110}.Debug|Win32.Build.0 = Debug|Win32
		{11CA1C2C-05BA-4EC7-8FD0-670241B89110}.Release|Win32.ActiveCfg = Release|Win32
		{11CA1C2C-05BA-4EC7-8FD0-670241B89110}.Release|Win32.Build.0 = Release|Win32
	EndGlobalSection
	GlobalSection(SolutionProperties) = preSolution
		HideSolutionNode = FALSE
	EndGlobalSection
EndGlobal
